<?xml version="1.0" encoding="utf-8"?>
<Project ToolsVersion="4.0" xmlns="http://schemas.microsoft.com/developer/msbuild/2003">
  <ItemGroup>
    <ClCompile Include="pch.c" />
    <ClCompile Include="model.c" />
    <ClCompile Include="tetlis.c" />
    <ClCompile Include="tetorimino.c" />
  </ItemGroup>
  <ItemGroup>
    <ClInclude Include="pch.h" />
    <ClInclude Include="model.h" />
    <ClInclude Include="tetlis.h" />
    <ClInclude Include="tetorimino.h" />
    <ClInclude Include="view.h" />
  </ItemGroup>
</Project>